
Microsoft Visual Studio Solution File, Format Version 12.00
# Visual Studio Version 16
VisualStudioVersion = 16.0.31613.86
MinimumVisualStudioVersion = 10.0.40219.1
Project("{FAE04EC0-301F-11D3-BF4B-00C04F79EFBC}") = "livrariaAPI", "livrariaAPI\livrariaAPI.csproj", "{D6B5C0F6-021A-4F4D-89C4-5DF4A9AF5054}"
EndProject
Global
	GlobalSection(SolutionConfigurationPlatforms) = preSolution
		Debug|Any CPU = Debug|Any CPU
		Release|Any CPU = Release|Any CPU
	EndGlobalSection
	GlobalSection(ProjectConfigurationPlatforms) = postSolution
		{D6B5C0F6-021A-4F4D-89C4-5DF4A9AF5054}.Debug|Any CPU.ActiveCfg = Debug|Any CPU
		{D6B5C0F6-021A-4F4D-89C4-5DF4A9AF5054}.Debug|Any CPU.Build.0 = Debug|Any CPU
		{D6B5C0F6-021A-4F4D-89C4-5DF4A9AF5054}.Release|Any CPU.ActiveCfg = Release|Any CPU
		{D6B5C0F6-021A-4F4D-89C4-5DF4A9AF5054}.Release|Any CPU.Build.0 = Release|Any CPU
	EndGlobalSection
	GlobalSection(SolutionProperties) = preSolution
		HideSolutionNode = FALSE
	EndGlobalSection
	GlobalSection(ExtensibilityGlobals) = postSolution
		SolutionGuid = {1B842C68-8D64-405D-808D-498088BBFFEA}
	EndGlobalSection
EndGlobal
